<?xml version="1.0" encoding="utf-8"?>
<Project ToolsVersion="4.0" xmlns="http://schemas.microsoft.com/developer/msbuild/2003">
  <ItemGroup>
    <Filter Include="Resource Files">
      <UniqueIdentifier>{67DA6AB6-F800-4c08-8B7A-83BB121AAD01}</UniqueIdentifier>
      <Extensions>rc;ico;cur;bmp;dlg;rc2;rct;bin;rgs;gif;jpg;jpeg;jpe;resx;tiff;tif;png;wav;mfcribbon-ms</Extensions>
    </Filter>
    <Filter Include="src">
      <UniqueIdentifier>{4FC737F1-C7A5-4376-A066-2A32D752A2FF}</UniqueIdentifier>
      <Extensions>cpp;c;cc;cxx;c++;cppm;ixx;def;odl;idl;hpj;bat;asm;asmx</Extensions>
    </Filter>
    <Filter Include="network">
      <UniqueIdentifier>{cb224a17-2994-401c-aef6-667c780bc319}</UniqueIdentifier>
    </Filter>
    <Filter Include="processor">
      <UniqueIdentifier>{973d325a-82a1-4362-b4e2-e6becbaff425}</UniqueIdentifier>
    </Filter>
    <Filter Include="ui">
      <UniqueIdentifier>{591f2786-b2a1-47f8-8323-793f4e1ce691}</UniqueIdentifier>
    </Filter>
    <Filter Include="utils">
      <UniqueIdentifier>{b883836a-b31a-4e51-b4aa-7888d8e509b6}</UniqueIdentifier>
    </Filter>
  </ItemGroup>
  <ItemGroup>
    <ClInclude Include="xiaofangLog\AsyncLog.h">
      <Filter>src</Filter>
    </ClInclude>
    <ClInclude Include="framework.h">
      <Filter>src</Filter>
    </ClInclude>
    <ClInclude Include="Resource.h">
      <Filter>src</Filter>
    </ClInclude>
    <ClInclude Include="targetver.h">
      <Filter>src</Filter>
    </ClInclude>
    <ClInclude Include="xiaofangFTP.h">
      <Filter>src</Filter>
    </ClInclude>
    <ClInclude Include="FTPServer.h">
      <Filter>network</Filter>
    </ClInclude>
    <ClInclude Include="Preference.h">
      <Filter>src</Filter>
    </ClInclude>
    <ClInclude Include="Processor.h">
      <Filter>processor</Filter>
    </ClInclude>
    <ClInclude Include="Task.h">
      <Filter>processor</Filter>
    </ClInclude>
    <ClInclude Include="LogonTask.h">
      <Filter>processor</Filter>
    </ClInclude>
    <ClInclude Include="ConnectTask.h">
      <Filter>processor</Filter>
    </ClInclude>
    <ClInclude Include="UIProxy.h">
      <Filter>ui</Filter>
    </ClInclude>
    <ClInclude Include="CharChecker.h">
      <Filter>utils</Filter>
    </ClInclude>
    <ClInclude Include="ProtocolParser.h">
      <Filter>network</Filter>
    </ClInclude>
  </ItemGroup>
  <ItemGroup>
    <ClCompile Include="xiaofangFTP.cpp">
      <Filter>src</Filter>
    </ClCompile>
    <ClCompile Include="Processor.cpp">
      <Filter>processor</Filter>
    </ClCompile>
    <ClCompile Include="LogonTask.cpp">
      <Filter>processor</Filter>
    </ClCompile>
    <ClCompile Include="ConnectTask.cpp">
      <Filter>processor</Filter>
    </ClCompile>
    <ClCompile Include="UIProxy.cpp">
      <Filter>ui</Filter>
    </ClCompile>
    <ClCompile Include="FTPServer.cpp">
      <Filter>network</Filter>
    </ClCompile>
    <ClCompile Include="CharChecker.cpp">
      <Filter>utils</Filter>
    </ClCompile>
  </ItemGroup>
  <ItemGroup>
    <ResourceCompile Include="xiaofangFTP.rc">
      <Filter>Resource Files</Filter>
    </ResourceCompile>
  </ItemGroup>
  <ItemGroup>
    <Image Include="small.ico">
      <Filter>Resource Files</Filter>
    </Image>
    <Image Include="xiaofangFTP.ico">
      <Filter>Resource Files</Filter>
    </Image>
  </ItemGroup>
</Project>